
Microsoft Visual Studio Solution File, Format Version 12.00
# Visual Studio Version 16
VisualStudioVersion = 16.0.31424.327
MinimumVisualStudioVersion = 10.0.40219.1
Project("{9A19103F-16F7-4668-BE54-9A1E7A4F7556}") = "Done2X.Domain", "Done2X.Domain\Done2X.Domain.csproj", "{2F23C7CB-B34C-49F3-99E4-26E961382DF8}"
EndProject
Project("{9A19103F-16F7-4668-BE54-9A1E7A4F7556}") = "Done2X.API", "Done2X.API\Done2X.API.csproj", "{BA07D9E2-A764-4F14-9B47-D0CDBDF296D9}"
EndProject
Project("{FAE04EC0-301F-11D3-BF4B-00C04F79EFBC}") = "Done2X.Data", "Done2X.Data\Done2X.Data.csproj", "{0FB882C8-D4C1-45BE-94FB-F239DF17A620}"
EndProject
Global
	GlobalSection(SolutionConfigurationPlatforms) = preSolution
		Debug|Any CPU = Debug|Any CPU
		Release|Any CPU = Release|Any CPU
	EndGlobalSection
	GlobalSection(ProjectConfigurationPlatforms) = postSolution
		{2F23C7CB-B34C-49F3-99E4-26E961382DF8}.Debug|Any CPU.ActiveCfg = Debug|Any CPU
		{2F23C7CB-B34C-49F3-99E4-26E961382DF8}.Debug|Any CPU.Build.0 = Debug|Any CPU
		{2F23C7CB-B34C-49F3-99E4-26E961382DF8}.Release|Any CPU.ActiveCfg = Release|Any CPU
		{2F23C7CB-B34C-49F3-99E4-26E961382DF8}.Release|Any CPU.Build.0 = Release|Any CPU
		{BA07D9E2-A764-4F14-9B47-D0CDBDF296D9}.Debug|Any CPU.ActiveCfg = Debug|Any CPU
		{BA07D9E2-A764-4F14-9B47-D0CDBDF296D9}.Debug|Any CPU.Build.0 = Debug|Any CPU
		{BA07D9E2-A764-4F14-9B47-D0CDBDF296D9}.Release|Any CPU.ActiveCfg = Release|Any CPU
		{BA07D9E2-A764-4F14-9B47-D0CDBDF296D9}.Release|Any CPU.Build.0 = Release|Any CPU
		{0FB882C8-D4C1-45BE-94FB-F239DF17A620}.Debug|Any CPU.ActiveCfg = Debug|Any CPU
		{0FB882C8-D4C1-45BE-94FB-F239DF17A620}.Debug|Any CPU.Build.0 = Debug|Any CPU
		{0FB882C8-D4C1-45BE-94FB-F239DF17A620}.Release|Any CPU.ActiveCfg = Release|Any CPU
		{0FB882C8-D4C1-45BE-94FB-F239DF17A620}.Release|Any CPU.Build.0 = Release|Any CPU
	EndGlobalSection
	GlobalSection(SolutionProperties) = preSolution
		HideSolutionNode = FALSE
	EndGlobalSection
	GlobalSection(ExtensibilityGlobals) = postSolution
		SolutionGuid = {6FBB754E-2C86-4355-BDAF-E3DED97A831A}
	EndGlobalSection
EndGlobal
